
Microsoft Visual Studio Solution File, Format Version 12.00
# Visual Studio Version 17
VisualStudioVersion = 17.10.35122.118
MinimumVisualStudioVersion = 10.0.40219.1
Project("{9A19103F-16F7-4668-BE54-9A1E7A4F7556}") = "Biometrics", "src\Biometrics\Biometrics.csproj", "{4A7BB6FB-ED65-4179-984C-C55D65CA8860}"
EndProject
Project("{9A19103F-16F7-4668-BE54-9A1E7A4F7556}") = "WinBiometricDotNet", "src\WinBiometricDotNet\WinBiometricDotNet.csproj", "{05F61325-B42D-44FC-9B5A-AEE7570DA13D}"
EndProject
Global
	GlobalSection(SolutionConfigurationPlatforms) = preSolution
		Debug|Any CPU = Debug|Any CPU
		Release|Any CPU = Release|Any CPU
	EndGlobalSection
	GlobalSection(ProjectConfigurationPlatforms) = postSolution
		{4A7BB6FB-ED65-4179-984C-C55D65CA8860}.Debug|Any CPU.ActiveCfg = Debug|Any CPU
		{4A7BB6FB-ED65-4179-984C-C55D65CA8860}.Debug|Any CPU.Build.0 = Debug|Any CPU
		{4A7BB6FB-ED65-4179-984C-C55D65CA8860}.Release|Any CPU.ActiveCfg = Release|Any CPU
		{4A7BB6FB-ED65-4179-984C-C55D65CA8860}.Release|Any CPU.Build.0 = Release|Any CPU
		{05F61325-B42D-44FC-9B5A-AEE7570DA13D}.Debug|Any CPU.ActiveCfg = Debug|Any CPU
		{05F61325-B42D-44FC-9B5A-AEE7570DA13D}.Debug|Any CPU.Build.0 = Debug|Any CPU
		{05F61325-B42D-44FC-9B5A-AEE7570DA13D}.Release|Any CPU.ActiveCfg = Release|Any CPU
		{05F61325-B42D-44FC-9B5A-AEE7570DA13D}.Release|Any CPU.Build.0 = Release|Any CPU
	EndGlobalSection
	GlobalSection(SolutionProperties) = preSolution
		HideSolutionNode = FALSE
	EndGlobalSection
	GlobalSection(ExtensibilityGlobals) = postSolution
		SolutionGuid = {04694F65-B105-4453-89FB-49EC87792949}
	EndGlobalSection
EndGlobal
